// !$*UTF8*$!
{
	archiveVersion = 1;
	classes = {
	};
	objectVersion = 46;
	objects = {

/* Begin PBXBuildFile section */
		81BF1CD11E156DD900AF6B8E /* CameraVC.swift in Sources */ = {isa = PBXBuildFile; fileRef = 81BF1CD01E156DD900AF6B8E /* CameraVC.swift */; };
		81BF1CD31E156EB600AF6B8E /* CaptureSessionController.swift in Sources */ = {isa = PBXBuildFile; fileRef = 81BF1CD21E156EB600AF6B8E /* CaptureSessionController.swift */; };
		81C026191E2648EA004A6566 /* FaceDetector.swift in Sources */ = {isa = PBXBuildFile; fileRef = 81C026181E2648EA004A6566 /* FaceDetector.swift */; };
		81FB85E91E02E89E00B5A048 /* AppDelegate.swift in Sources */ = {isa = PBXBuildFile; fileRef = 81FB85E81E02E89E00B5A048 /* AppDelegate.swift */; };
		81FB85EB1E02E89E00B5A048 /* ViewController.swift in Sources */ = {isa = PBXBuildFile; fileRef = 81FB85EA1E02E89E00B5A048 /* ViewController.swift */; };
		81FB85EE1E02E89E00B5A048 /* Main.storyboard in Resources */ = {isa = PBXBuildFile; fileRef = 81FB85EC1E02E89E00B5A048 /* Main.storyboard */; };
		81FB85F01E02E89E00B5A048 /* Assets.xcassets in Resources */ = {isa = PBXBuildFile; fileRef = 81FB85EF1E02E89E00B5A048 /* Assets.xcassets */; };
		81FB85F31E02E89E00B5A048 /* LaunchScreen.storyboard in Resources */ = {isa = PBXBuildFile; fileRef = 81FB85F11E02E89E00B5A048 /* LaunchScreen.storyboard */; };
		81FB85FB1E02EA6900B5A048 /* PhotoVC.swift in Sources */ = {isa = PBXBuildFile; fileRef = 81FB85FA1E02EA6900B5A048 /* PhotoVC.swift */; };
/* End PBXBuildFile section */

/* Begin PBXFileReference section */
		81BF1CD01E156DD900AF6B8E /* CameraVC.swift */ = {isa = PBXFileReference; fileEncoding = 4; lastKnownFileType = sourcecode.swift; path = CameraVC.swift; sourceTree = "<group>"; };
		81BF1CD21E156EB600AF6B8E /* CaptureSessionController.swift */ = {isa = PBXFileReference; fileEncoding = 4; lastKnownFileType = sourcecode.swift; path = CaptureSessionController.swift; sourceTree = "<group>"; };
		81C026181E2648EA004A6566 /* FaceDetector.swift */ = {isa = PBXFileReference; fileEncoding = 4; lastKnownFileType = sourcecode.swift; path = FaceDetector.swift; sourceTree = "<group>"; };
		81FB85E51E02E89E00B5A048 /* FaceDetector.app */ = {isa = PBXFileReference; explicitFileType = wrapper.application; includeInIndex = 0; path = FaceDetector.app; sourceTree = BUILT_PRODUCTS_DIR; };
		81FB85E81E02E89E00B5A048 /* AppDelegate.swift */ = {isa = PBXFileReference; lastKnownFileType = sourcecode.swift; path = AppDelegate.swift; sourceTree = "<group>"; };
		81FB85EA1E02E89E00B5A048 /* ViewController.swift */ = {isa = PBXFileReference; lastKnownFileType = sourcecode.swift; path = ViewController.swift; sourceTree = "<group>"; };
		81FB85ED1E02E89E00B5A048 /* Base */ = {isa = PBXFileReference; lastKnownFileType = file.storyboard; name = Base; path = Base.lproj/Main.storyboard; sourceTree = "<group>"; };
		81FB85EF1E02E89E00B5A048 /* Assets.xcassets */ = {isa = PBXFileReference; lastKnownFileType = folder.assetcatalog; path = Assets.xcassets; sourceTree = "<group>"; };
		81FB85F21E02E89E00B5A048 /* Base */ = {isa = PBXFileReference; lastKnownFileType = file.storyboard; name = Base; path = Base.lproj/LaunchScreen.storyboard; sourceTree = "<group>"; };
		81FB85F41E02E89E00B5A048 /* Info.plist */ = {isa = PBXFileReference; lastKnownFileType = text.plist.xml; path = Info.plist; sourceTree = "<group>"; };
		81FB85FA1E02EA6900B5A048 /* PhotoVC.swift */ = {isa = PBXFileReference; fileEncoding = 4; lastKnownFileType = sourcecode.swift; path = PhotoVC.swift; sourceTree = "<group>"; };
/* End PBXFileReference section */

/* Begin PBXFrameworksBuildPhase section */
		81FB85E21E02E89E00B5A048 /* Frameworks */ = {
			isa = PBXFrameworksBuildPhase;
			buildActionMask = 2147483647;
			files = (
			);
			runOnlyForDeploymentPostprocessing = 0;
		};
/* End PBXFrameworksBuildPhase section */

/* Begin PBXGroup section */
		81FB85DC1E02E89E00B5A048 = {
			isa = PBXGroup;
			children = (
				81FB85E71E02E89E00B5A048 /* FaceDetector */,
				81FB85E61E02E89E00B5A048 /* Products */,
			);
			sourceTree = "<group>";
		};
		81FB85E61E02E89E00B5A048 /* Products */ = {
			isa = PBXGroup;
			children = (
				81FB85E51E02E89E00B5A048 /* FaceDetector.app */,
			);
			name = Products;
			sourceTree = "<group>";
		};
		81FB85E71E02E89E00B5A048 /* FaceDetector */ = {
			isa = PBXGroup;
			children = (
				81FB85E81E02E89E00B5A048 /* AppDelegate.swift */,
				81FB85EA1E02E89E00B5A048 /* ViewController.swift */,
				81FB85FA1E02EA6900B5A048 /* PhotoVC.swift */,
				81BF1CD21E156EB600AF6B8E /* CaptureSessionController.swift */,
				81C026181E2648EA004A6566 /* FaceDetector.swift */,
				81BF1CD01E156DD900AF6B8E /* CameraVC.swift */,
				81FB85EC1E02E89E00B5A048 /* Main.storyboard */,
				81FB85EF1E02E89E00B5A048 /* Assets.xcassets */,
				81FB85F11E02E89E00B5A048 /* LaunchScreen.storyboard */,
				81FB85F41E02E89E00B5A048 /* Info.plist */,
			);
			path = FaceDetector;
			sourceTree = "<group>";
		};
/* End PBXGroup section */

/* Begin PBXNativeTarget section */
		81FB85E41E02E89E00B5A048 /* FaceDetector */ = {
			isa = PBXNativeTarget;
			buildConfigurationList = 81FB85F71E02E89E00B5A048 /* Build configuration list for PBXNativeTarget "FaceDetector" */;
			buildPhases = (
				81FB85E11E02E89E00B5A048 /* Sources */,
				81FB85E21E02E89E00B5A048 /* Frameworks */,
				81FB85E31E02E89E00B5A048 /* Resources */,
			);
			buildRules = (
			);
			dependencies = (
			);
			name = FaceDetector;
			productName = FaceDetector;
			productReference = 81FB85E51E02E89E00B5A048 /* FaceDetector.app */;
			productType = "com.apple.product-type.application";
		};
/* End PBXNativeTarget section */

/* Begin PBXProject section */
		81FB85DD1E02E89E00B5A048 /* Project object */ = {
			isa = PBXProject;
			attributes = {
				LastSwiftUpdateCheck = 0820;
				LastUpgradeCheck = 0820;
				ORGANIZATIONNAME = Duzvik;
				TargetAttributes = {
					81FB85E41E02E89E00B5A048 = {
						CreatedOnToolsVersion = 8.2;
						DevelopmentTeam = A5NRY87LBQ;
						ProvisioningStyle = Automatic;
					};
				};
			};
			buildConfigurationList = 81FB85E01E02E89E00B5A048 /* Build configuration list for PBXProject "FaceDetector" */;
			compatibilityVersion = "Xcode 3.2";
			developmentRegion = English;
			hasScannedForEncodings = 0;
			knownRegions = (
				en,
				Base,
			);
			mainGroup = 81FB85DC1E02E89E00B5A048;
			productRefGroup = 81FB85E61E02E89E00B5A048 /* Products */;
			projectDirPath = "";
			projectRoot = "";
			targets = (
				81FB85E41E02E89E00B5A048 /* FaceDetector */,
			);
		};
/* End PBXProject section */

/* Begin PBXResourcesBuildPhase section */
		81FB85E31E02E89E00B5A048 /* Resources */ = {
			isa = PBXResourcesBuildPhase;
			buildActionMask = 2147483647;
			files = (
				81FB85F31E02E89E00B5A048 /* LaunchScreen.storyboard in Resources */,
				81FB85F01E02E89E00B5A048 /* Assets.xcassets in Resources */,
				81FB85EE1E02E89E00B5A048 /* Main.storyboard in Resources */,
			);
			runOnlyForDeploymentPostprocessing = 0;
		};
/* End PBXResourcesBuildPhase section */

/* Begin PBXSourcesBuildPhase section */
		81FB85E11E02E89E00B5A048 /* Sources */ = {
			isa = PBXSourcesBuildPhase;
			buildActionMask = 2147483647;
			files = (
				81BF1CD31E156EB600AF6B8E /* CaptureSessionController.swift in Sources */,
				81FB85EB1E02E89E00B5A048 /* ViewController.swift in Sources */,
				81FB85E91E02E89E00B5A048 /* AppDelegate.swift in Sources */,
				81FB85FB1E02EA6900B5A048 /* PhotoVC.swift in Sources */,
				81C026191E2648EA004A6566 /* FaceDetector.swift in Sources */,
				81BF1CD11E156DD900AF6B8E /* CameraVC.swift in Sources */,
			);
			runOnlyForDeploymentPostprocessing = 0;
		};
/* End PBXSourcesBuildPhase section */

/* Begin PBXVariantGroup section */
		81FB85EC1E02E89E00B5A048 /* Main.storyboard */ = {
			isa = PBXVariantGroup;
			children = (
				81FB85ED1E02E89E00B5A048 /* Base */,
			);
			name = Main.storyboard;
			sourceTree = "<group>";
		};
		81FB85F11E02E89E00B5A048 /* LaunchScreen.storyboard */ = {
			isa = PBXVariantGroup;
			children = (
				81FB85F21E02E89E00B5A048 /* Base */,
			);
			name = LaunchScreen.storyboard;
			sourceTree = "<group>";
		};
/* End PBXVariantGroup section */

/* Begin XCBuildConfiguration section */
		81FB85F51E02E89E00B5A048 /* Debug */ = {
			isa = XCBuildConfiguration;
			buildSettings = {
				ALWAYS_SEARCH_USER_PATHS = NO;
				CLANG_ANALYZER_NONNULL = YES;
				CLANG_CXX_LANGUAGE_STANDARD = "gnu++0x";
				CLANG_CXX_LIBRARY = "libc++";
				CLANG_ENABLE_MODULES = YES;
				CLANG_ENABLE_OBJC_ARC = YES;
				CLANG_WARN_BOOL_CONVERSION = YES;
				CLANG_WARN_CONSTANT_CONVERSION = YES;
				CLANG_WARN_DIRECT_OBJC_ISA_USAGE = YES_ERROR;
				CLANG_WARN_DOCUMENTATION_COMMENTS = YES;
				CLANG_WARN_EMPTY_BODY = YES;
				CLANG_WARN_ENUM_CONVERSION = YES;
				CLANG_WARN_INFINITE_RECURSION = YES;
				CLANG_WARN_INT_CONVERSION = YES;
				CLANG_WARN_OBJC_ROOT_CLASS = YES_ERROR;
				CLANG_WARN_SUSPICIOUS_MOVE = YES;
				CLANG_WARN_UNREACHABLE_CODE = YES;
				CLANG_WARN__DUPLICATE_METHOD_MATCH = YES;
				"CODE_SIGN_IDENTITY[sdk=iphoneos*]" = "iPhone Developer";
				COPY_PHASE_STRIP = NO;
				DEBUG_INFORMATION_FORMAT = dwarf;
				ENABLE_STRICT_OBJC_MSGSEND = YES;
				ENABLE_TESTABILITY = YES;
				GCC_C_LANGUAGE_STANDARD = gnu99;
				GCC_DYNAMIC_NO_PIC = NO;
				GCC_NO_COMMON_BLOCKS = YES;
				GCC_OPTIMIZATION_LEVEL = 0;
				GCC_PREPROCESSOR_DEFINITIONS = (
					"DEBUG=1",
					"$(inherited)",
				);
				GCC_WARN_64_TO_32_BIT_CONVERSION = YES;
				GCC_WARN_ABOUT_RETURN_TYPE = YES_ERROR;
				GCC_WARN_UNDECLARED_SELECTOR = YES;
				GCC_WARN_UNINITIALIZED_AUTOS = YES_AGGRESSIVE;
				GCC_WARN_UNUSED_FUNCTION = YES;
				GCC_WARN_UNUSED_VARIABLE = YES;
				IPHONEOS_DEPLOYMENT_TARGET = 10.2;
				MTL_ENABLE_DEBUG_INFO = YES;
				ONLY_ACTIVE_ARCH = YES;
				SDKROOT = iphoneos;
				SWIFT_ACTIVE_COMPILATION_CONDITIONS = DEBUG;
				SWIFT_OPTIMIZATION_LEVEL = "-Onone";
				TARGETED_DEVICE_FAMILY = "1,2";
			};
			name = Debug;
		};
		81FB85F61E02E89E00B5A048 /* Release */ = {
			isa = XCBuildConfiguration;
			buildSettings = {
				ALWAYS_SEARCH_USER_PATHS = NO;
				CLANG_ANALYZER_NONNULL = YES;
				CLANG_CXX_LANGUAGE_STANDARD = "gnu++0x";
				CLANG_CXX_LIBRARY = "libc++";
				CLANG_ENABLE_MODULES = YES;
				CLANG_ENABLE_OBJC_ARC = YES;
				CLANG_WARN_BOOL_CONVERSION = YES;
				CLANG_WARN_CONSTANT_CONVERSION = YES;
				CLANG_WARN_DIRECT_OBJC_ISA_USAGE = YES_ERROR;
				CLANG_WARN_DOCUMENTATION_COMMENTS = YES;
				CLANG_WARN_EMPTY_BODY = YES;
				CLANG_WARN_ENUM_CONVERSION = YES;
				CLANG_WARN_INFINITE_RECURSION = YES;
				CLANG_WARN_INT_CONVERSION = YES;
				CLANG_WARN_OBJC_ROOT_CLASS = YES_ERROR;
				CLANG_WARN_SUSPICIOUS_MOVE = YES;
				CLANG_WARN_UNREACHABLE_CODE = YES;
				CLANG_WARN__DUPLICATE_METHOD_MATCH = YES;
				"CODE_SIGN_IDENTITY[sdk=iphoneos*]" = "iPhone Developer";
				COPY_PHASE_STRIP = NO;
				DEBUG_INFORMATION_FORMAT = "dwarf-with-dsym";
				ENABLE_NS_ASSERTIONS = NO;
				ENABLE_STRICT_OBJC_MSGSEND = YES;
				GCC_C_LANGUAGE_STANDARD = gnu99;
				GCC_NO_COMMON_BLOCKS = YES;
				GCC_WARN_64_TO_32_BIT_CONVERSION = YES;
				GCC_WARN_ABOUT_RETURN_TYPE = YES_ERROR;
				GCC_WARN_UNDECLARED_SELECTOR = YES;
				GCC_WARN_UNINITIALIZED_AUTOS = YES_AGGRESSIVE;
				GCC_WARN_UNUSED_FUNCTION = YES;
				GCC_WARN_UNUSED_VARIABLE = YES;
				IPHONEOS_DEPLOYMENT_TARGET = 10.2;
				MTL_ENABLE_DEBUG_INFO = NO;
				SDKROOT = iphoneos;
				SWIFT_OPTIMIZATION_LEVEL = "-Owholemodule";
				TARGETED_DEVICE_FAMILY = "1,2";
				VALIDATE_PRODUCT = YES;
			};
			name = Release;
		};
		81FB85F81E02E89E00B5A048 /* Debug */ = {
			isa = XCBuildConfiguration;
			buildSettings = {
				ASSETCATALOG_COMPILER_APPICON_NAME = AppIcon;
				DEVELOPMENT_TEAM = A5NRY87LBQ;
				INFOPLIST_FILE = FaceDetector/Info.plist;
				IPHONEOS_DEPLOYMENT_TARGET = 10.1;
				LD_RUNPATH_SEARCH_PATHS = "$(inherited) @executable_path/Frameworks";
				PRODUCT_BUNDLE_IDENTIFIER = com.duzvik.dev.FaceDetector;
				PRODUCT_NAME = "$(TARGET_NAME)";
				SWIFT_VERSION = 3.0;
			};
			name = Debug;
		};
		81FB85F91E02E89E00B5A048 /* Release */ = {
			isa = XCBuildConfiguration;
			buildSettings = {
				ASSETCATALOG_COMPILER_APPICON_NAME = AppIcon;
				DEVELOPMENT_TEAM = A5NRY87LBQ;
				INFOPLIST_FILE = FaceDetector/Info.plist;
				IPHONEOS_DEPLOYMENT_TARGET = 10.1;
				LD_RUNPATH_SEARCH_PATHS = "$(inherited) @executable_path/Frameworks";
				PRODUCT_BUNDLE_IDENTIFIER = com.duzvik.dev.FaceDetector;
				PRODUCT_NAME = "$(TARGET_NAME)";
				SWIFT_VERSION = 3.0;
			};
			name = Release;
		};
/* End XCBuildConfiguration section */

/* Begin XCConfigurationList section */
		81FB85E01E02E89E00B5A048 /* Build configuration list for PBXProject "FaceDetector" */ = {
			isa = XCConfigurationList;
			buildConfigurations = (
				81FB85F51E02E89E00B5A048 /* Debug */,
				81FB85F61E02E89E00B5A048 /* Release */,
			);
			defaultConfigurationIsVisible = 0;
			defaultConfigurationName = Release;
		};
		81FB85F71E02E89E00B5A048 /* Build configuration list for PBXNativeTarget "FaceDetector" */ = {
			isa = XCConfigurationList;
			buildConfigurations = (
				81FB85F81E02E89E00B5A048 /* Debug */,
				81FB85F91E02E89E00B5A048 /* Release */,
			);
			defaultConfigurationIsVisible = 0;
			defaultConfigurationName = Release;
		};
/* End XCConfigurationList section */
	};
	rootObject = 81FB85DD1E02E89E00B5A048 /* Project object */;
}
